
Microsoft Visual Studio Solution File, Format Version 12.00
# Visual Studio Version 17
VisualStudioVersion = 17.3.32811.315
MinimumVisualStudioVersion = 10.0.40219.1
Project("{FAE04EC0-301F-11D3-BF4B-00C04F79EFBC}") = "BuscaBinaria", "BuscaBinaria.csproj", "{C5E93C85-8E18-4775-B12A-B19E57E157BC}"
EndProject
Global
	GlobalSection(SolutionConfigurationPlatforms) = preSolution
		Debug|Any CPU = Debug|Any CPU
		Release|Any CPU = Release|Any CPU
	EndGlobalSection
	GlobalSection(ProjectConfigurationPlatforms) = postSolution
		{C5E93C85-8E18-4775-B12A-B19E57E157BC}.Debug|Any CPU.ActiveCfg = Debug|Any CPU
		{C5E93C85-8E18-4775-B12A-B19E57E157BC}.Debug|Any CPU.Build.0 = Debug|Any CPU
		{C5E93C85-8E18-4775-B12A-B19E57E157BC}.Release|Any CPU.ActiveCfg = Release|Any CPU
		{C5E93C85-8E18-4775-B12A-B19E57E157BC}.Release|Any CPU.Build.0 = Release|Any CPU
	EndGlobalSection
	GlobalSection(SolutionProperties) = preSolution
		HideSolutionNode = FALSE
	EndGlobalSection
	GlobalSection(ExtensibilityGlobals) = postSolution
		SolutionGuid = {CEB0CF81-1C94-404E-9ABE-93071E873577}
	EndGlobalSection
EndGlobal
